// !$*UTF8*$!
{
	archiveVersion = 1;
	classes = {
	};
	objectVersion = 51;
	objects = {

/* Begin PBXBuildFile section */
		0202CDED252D8477005F6A48 /* OpenWeather.swift in Sources */ = {isa = PBXBuildFile; fileRef = 0202CDEC252D8477005F6A48 /* OpenWeather.swift */; };
		0202CDF4252D89B0005F6A48 /* Weather.swift in Sources */ = {isa = PBXBuildFile; fileRef = 0202CDF3252D89B0005F6A48 /* Weather.swift */; };
		0202CDF8252D8DD7005F6A48 /* OneCallResponse.swift in Sources */ = {isa = PBXBuildFile; fileRef = 0202CDF7252D8DD7005F6A48 /* OneCallResponse.swift */; };
		0202CDFB252D926E005F6A48 /* UIView.swift in Sources */ = {isa = PBXBuildFile; fileRef = 0202CDFA252D926E005F6A48 /* UIView.swift */; };
		0202CDFD252DA2B8005F6A48 /* WeatherHourlyData.swift in Sources */ = {isa = PBXBuildFile; fileRef = 0202CDFC252DA2B8005F6A48 /* WeatherHourlyData.swift */; };
		0202CDFF252DA4A8005F6A48 /* WeatherDailyCell.swift in Sources */ = {isa = PBXBuildFile; fileRef = 0202CDFE252DA4A8005F6A48 /* WeatherDailyCell.swift */; };
		0202CE01252DAD33005F6A48 /* Date.swift in Sources */ = {isa = PBXBuildFile; fileRef = 0202CE00252DAD33005F6A48 /* Date.swift */; };
		0202CE04252DB696005F6A48 /* WeatherDailyData.swift in Sources */ = {isa = PBXBuildFile; fileRef = 0202CE03252DB696005F6A48 /* WeatherDailyData.swift */; };
		0202CE06252DB6DC005F6A48 /* DayTemp.swift in Sources */ = {isa = PBXBuildFile; fileRef = 0202CE05252DB6DC005F6A48 /* DayTemp.swift */; };
		0202CE0B252DB806005F6A48 /* WeatherHourlyCell.swift in Sources */ = {isa = PBXBuildFile; fileRef = 0202CE0A252DB806005F6A48 /* WeatherHourlyCell.swift */; };
		0202CE0D252DB826005F6A48 /* WeatherCurrentCell.swift in Sources */ = {isa = PBXBuildFile; fileRef = 0202CE0C252DB826005F6A48 /* WeatherCurrentCell.swift */; };
		025C55A7252DCF3F002595CB /* WeatherHourlyCollectionCell.swift in Sources */ = {isa = PBXBuildFile; fileRef = 025C55A6252DCF3F002595CB /* WeatherHourlyCollectionCell.swift */; };
		025C55AB252DD016002595CB /* AbstractTableViewCell.swift in Sources */ = {isa = PBXBuildFile; fileRef = 025C55AA252DD016002595CB /* AbstractTableViewCell.swift */; };
		33F23C177D04C6AF361B23FE /* Pods_RxWeather.framework in Frameworks */ = {isa = PBXBuildFile; fileRef = C066A3F976D7BCB9472E5982 /* Pods_RxWeather.framework */; };
		7D0636112562A126009901FB /* AddNewCityCell.swift in Sources */ = {isa = PBXBuildFile; fileRef = 7D0636102562A126009901FB /* AddNewCityCell.swift */; };
		7D06D013253872F1009EF381 /* WeatherCityController.swift in Sources */ = {isa = PBXBuildFile; fileRef = 7D06D012253872F1009EF381 /* WeatherCityController.swift */; };
		7D06D01525387304009EF381 /* WeatherCityViewModel.swift in Sources */ = {isa = PBXBuildFile; fileRef = 7D06D01425387304009EF381 /* WeatherCityViewModel.swift */; };
		7D0880082539B31800A58299 /* UIViewController.swift in Sources */ = {isa = PBXBuildFile; fileRef = 7D0880072539B31800A58299 /* UIViewController.swift */; };
		7D08800A2539C05F00A58299 /* CityCell.swift in Sources */ = {isa = PBXBuildFile; fileRef = 7D0880092539C05F00A58299 /* CityCell.swift */; };
		7D11822F253882E8006E4B59 /* WeatherCity.swift in Sources */ = {isa = PBXBuildFile; fileRef = 7D11822E253882E8006E4B59 /* WeatherCity.swift */; };
		7D11E2EE255C0FA3004736CD /* FetchedResultsService.swift in Sources */ = {isa = PBXBuildFile; fileRef = 7D11E2ED255C0FA3004736CD /* FetchedResultsService.swift */; };
		7D33C676252CD6CC004E06A3 /* EndpointProtocol.swift in Sources */ = {isa = PBXBuildFile; fileRef = 7D33C675252CD6CC004E06A3 /* EndpointProtocol.swift */; };
		7D33C678252CD6EF004E06A3 /* ApiService.swift in Sources */ = {isa = PBXBuildFile; fileRef = 7D33C677252CD6EF004E06A3 /* ApiService.swift */; };
		7D33C67A252CD6FF004E06A3 /* ApiError.swift in Sources */ = {isa = PBXBuildFile; fileRef = 7D33C679252CD6FF004E06A3 /* ApiError.swift */; };
		7D3895CF253991E100D941D4 /* AbstractWeatherController.swift in Sources */ = {isa = PBXBuildFile; fileRef = 7D3895CE253991E100D941D4 /* AbstractWeatherController.swift */; };
		7D3895D1253991ED00D941D4 /* AbstractWeatherView.swift in Sources */ = {isa = PBXBuildFile; fileRef = 7D3895D0253991ED00D941D4 /* AbstractWeatherView.swift */; };
		7D3895D3253991F800D941D4 /* AbstractWeatherViewModel.swift in Sources */ = {isa = PBXBuildFile; fileRef = 7D3895D2253991F800D941D4 /* AbstractWeatherViewModel.swift */; };
		7D3895D62539A8B400D941D4 /* FindCityController.swift in Sources */ = {isa = PBXBuildFile; fileRef = 7D3895D52539A8B400D941D4 /* FindCityController.swift */; };
		7D3895D82539A8C100D941D4 /* FindCityViewModel.swift in Sources */ = {isa = PBXBuildFile; fileRef = 7D3895D72539A8C100D941D4 /* FindCityViewModel.swift */; };
		7D3895DA2539A8CA00D941D4 /* FindCityView.swift in Sources */ = {isa = PBXBuildFile; fileRef = 7D3895D92539A8CA00D941D4 /* FindCityView.swift */; };
		7D3B6E42255BDF5900A5C79B /* CityListController.swift in Sources */ = {isa = PBXBuildFile; fileRef = 7D3B6E41255BDF5900A5C79B /* CityListController.swift */; };
		7D3B6E46255BDF6C00A5C79B /* CityListViewModel.swift in Sources */ = {isa = PBXBuildFile; fileRef = 7D3B6E45255BDF6C00A5C79B /* CityListViewModel.swift */; };
		7D3B6E49255BDF7500A5C79B /* CityListView.swift in Sources */ = {isa = PBXBuildFile; fileRef = 7D3B6E48255BDF7500A5C79B /* CityListView.swift */; };
		7D8588E02531B292009D35A9 /* WeatherLocationViewModel.swift in Sources */ = {isa = PBXBuildFile; fileRef = 7D8588DF2531B292009D35A9 /* WeatherLocationViewModel.swift */; };
		7D8588E22531B985009D35A9 /* WeatherLocationView.swift in Sources */ = {isa = PBXBuildFile; fileRef = 7D8588E12531B984009D35A9 /* WeatherLocationView.swift */; };
		7D92238F255AB43200BB42CD /* City.swift in Sources */ = {isa = PBXBuildFile; fileRef = 7D92238E255AB43200BB42CD /* City.swift */; };
		7DC154CA252CD4A600F6CF08 /* AppDelegate.swift in Sources */ = {isa = PBXBuildFile; fileRef = 7DC154C9252CD4A600F6CF08 /* AppDelegate.swift */; };
		7DC154D4252CD4A600F6CF08 /* RxWeather.xcdatamodeld in Sources */ = {isa = PBXBuildFile; fileRef = 7DC154D2252CD4A600F6CF08 /* RxWeather.xcdatamodeld */; };
		7DC154D6252CD4A800F6CF08 /* Assets.xcassets in Resources */ = {isa = PBXBuildFile; fileRef = 7DC154D5252CD4A800F6CF08 /* Assets.xcassets */; };
		7DC154D9252CD4A800F6CF08 /* LaunchScreen.storyboard in Resources */ = {isa = PBXBuildFile; fileRef = 7DC154D7252CD4A800F6CF08 /* LaunchScreen.storyboard */; };
		7DC154E1252CD62500F6CF08 /* WeatherLocationController.swift in Sources */ = {isa = PBXBuildFile; fileRef = 7DC154E0252CD62500F6CF08 /* WeatherLocationController.swift */; };
		7DCDADFD2556AF57005A3CC9 /* CoreDataService.swift in Sources */ = {isa = PBXBuildFile; fileRef = 7DCDADFC2556AF57005A3CC9 /* CoreDataService.swift */; };
		7DFC33A0252E1D34009519E4 /* Double.swift in Sources */ = {isa = PBXBuildFile; fileRef = 7DFC339F252E1D34009519E4 /* Double.swift */; };
/* End PBXBuildFile section */

/* Begin PBXFileReference section */
		0202CDEC252D8477005F6A48 /* OpenWeather.swift */ = {isa = PBXFileReference; lastKnownFileType = sourcecode.swift; path = OpenWeather.swift; sourceTree = "<group>"; };
		0202CDF3252D89B0005F6A48 /* Weather.swift */ = {isa = PBXFileReference; lastKnownFileType = sourcecode.swift; path = Weather.swift; sourceTree = "<group>"; };
		0202CDF7252D8DD7005F6A48 /* OneCallResponse.swift */ = {isa = PBXFileReference; lastKnownFileType = sourcecode.swift; path = OneCallResponse.swift; sourceTree = "<group>"; };
		0202CDFA252D926E005F6A48 /* UIView.swift */ = {isa = PBXFileReference; lastKnownFileType = sourcecode.swift; path = UIView.swift; sourceTree = "<group>"; };
		0202CDFC252DA2B8005F6A48 /* WeatherHourlyData.swift */ = {isa = PBXFileReference; lastKnownFileType = sourcecode.swift; path = WeatherHourlyData.swift; sourceTree = "<group>"; };
		0202CDFE252DA4A8005F6A48 /* WeatherDailyCell.swift */ = {isa = PBXFileReference; lastKnownFileType = sourcecode.swift; path = WeatherDailyCell.swift; sourceTree = "<group>"; };
		0202CE00252DAD33005F6A48 /* Date.swift */ = {isa = PBXFileReference; lastKnownFileType = sourcecode.swift; path = Date.swift; sourceTree = "<group>"; };
		0202CE03252DB696005F6A48 /* WeatherDailyData.swift */ = {isa = PBXFileReference; lastKnownFileType = sourcecode.swift; path = WeatherDailyData.swift; sourceTree = "<group>"; };
		0202CE05252DB6DC005F6A48 /* DayTemp.swift */ = {isa = PBXFileReference; lastKnownFileType = sourcecode.swift; path = DayTemp.swift; sourceTree = "<group>"; };
		0202CE0A252DB806005F6A48 /* WeatherHourlyCell.swift */ = {isa = PBXFileReference; lastKnownFileType = sourcecode.swift; path = WeatherHourlyCell.swift; sourceTree = "<group>"; };
		0202CE0C252DB826005F6A48 /* WeatherCurrentCell.swift */ = {isa = PBXFileReference; lastKnownFileType = sourcecode.swift; path = WeatherCurrentCell.swift; sourceTree = "<group>"; };
		025C55A6252DCF3F002595CB /* WeatherHourlyCollectionCell.swift */ = {isa = PBXFileReference; lastKnownFileType = sourcecode.swift; path = WeatherHourlyCollectionCell.swift; sourceTree = "<group>"; };
		025C55AA252DD016002595CB /* AbstractTableViewCell.swift */ = {isa = PBXFileReference; lastKnownFileType = sourcecode.swift; path = AbstractTableViewCell.swift; sourceTree = "<group>"; };
		7D0636102562A126009901FB /* AddNewCityCell.swift */ = {isa = PBXFileReference; lastKnownFileType = sourcecode.swift; path = AddNewCityCell.swift; sourceTree = "<group>"; };
		7D06D012253872F1009EF381 /* WeatherCityController.swift */ = {isa = PBXFileReference; lastKnownFileType = sourcecode.swift; path = WeatherCityController.swift; sourceTree = "<group>"; };
		7D06D01425387304009EF381 /* WeatherCityViewModel.swift */ = {isa = PBXFileReference; lastKnownFileType = sourcecode.swift; path = WeatherCityViewModel.swift; sourceTree = "<group>"; };
		7D0880072539B31800A58299 /* UIViewController.swift */ = {isa = PBXFileReference; lastKnownFileType = sourcecode.swift; path = UIViewController.swift; sourceTree = "<group>"; };
		7D0880092539C05F00A58299 /* CityCell.swift */ = {isa = PBXFileReference; lastKnownFileType = sourcecode.swift; path = CityCell.swift; sourceTree = "<group>"; };
		7D11822E253882E8006E4B59 /* WeatherCity.swift */ = {isa = PBXFileReference; lastKnownFileType = sourcecode.swift; path = WeatherCity.swift; sourceTree = "<group>"; };
		7D11E2ED255C0FA3004736CD /* FetchedResultsService.swift */ = {isa = PBXFileReference; lastKnownFileType = sourcecode.swift; path = FetchedResultsService.swift; sourceTree = "<group>"; };
		7D33C675252CD6CC004E06A3 /* EndpointProtocol.swift */ = {isa = PBXFileReference; lastKnownFileType = sourcecode.swift; path = EndpointProtocol.swift; sourceTree = "<group>"; };
		7D33C677252CD6EF004E06A3 /* ApiService.swift */ = {isa = PBXFileReference; lastKnownFileType = sourcecode.swift; path = ApiService.swift; sourceTree = "<group>"; };
		7D33C679252CD6FF004E06A3 /* ApiError.swift */ = {isa = PBXFileReference; lastKnownFileType = sourcecode.swift; path = ApiError.swift; sourceTree = "<group>"; };
		7D3895CE253991E100D941D4 /* AbstractWeatherController.swift */ = {isa = PBXFileReference; lastKnownFileType = sourcecode.swift; path = AbstractWeatherController.swift; sourceTree = "<group>"; };
		7D3895D0253991ED00D941D4 /* AbstractWeatherView.swift */ = {isa = PBXFileReference; lastKnownFileType = sourcecode.swift; path = AbstractWeatherView.swift; sourceTree = "<group>"; };
		7D3895D2253991F800D941D4 /* AbstractWeatherViewModel.swift */ = {isa = PBXFileReference; lastKnownFileType = sourcecode.swift; path = AbstractWeatherViewModel.swift; sourceTree = "<group>"; };
		7D3895D52539A8B400D941D4 /* FindCityController.swift */ = {isa = PBXFileReference; lastKnownFileType = sourcecode.swift; path = FindCityController.swift; sourceTree = "<group>"; };
		7D3895D72539A8C100D941D4 /* FindCityViewModel.swift */ = {isa = PBXFileReference; lastKnownFileType = sourcecode.swift; path = FindCityViewModel.swift; sourceTree = "<group>"; };
		7D3895D92539A8CA00D941D4 /* FindCityView.swift */ = {isa = PBXFileReference; lastKnownFileType = sourcecode.swift; path = FindCityView.swift; sourceTree = "<group>"; };
		7D3B6E41255BDF5900A5C79B /* CityListController.swift */ = {isa = PBXFileReference; lastKnownFileType = sourcecode.swift; path = CityListController.swift; sourceTree = "<group>"; };
		7D3B6E45255BDF6C00A5C79B /* CityListViewModel.swift */ = {isa = PBXFileReference; lastKnownFileType = sourcecode.swift; path = CityListViewModel.swift; sourceTree = "<group>"; };
		7D3B6E48255BDF7500A5C79B /* CityListView.swift */ = {isa = PBXFileReference; lastKnownFileType = sourcecode.swift; path = CityListView.swift; sourceTree = "<group>"; };
		7D8588DF2531B292009D35A9 /* WeatherLocationViewModel.swift */ = {isa = PBXFileReference; lastKnownFileType = sourcecode.swift; path = WeatherLocationViewModel.swift; sourceTree = "<group>"; };
		7D8588E12531B984009D35A9 /* WeatherLocationView.swift */ = {isa = PBXFileReference; lastKnownFileType = sourcecode.swift; path = WeatherLocationView.swift; sourceTree = "<group>"; };
		7D92238E255AB43200BB42CD /* City.swift */ = {isa = PBXFileReference; lastKnownFileType = sourcecode.swift; path = City.swift; sourceTree = "<group>"; };
		7DC154C6252CD4A600F6CF08 /* RxWeather.app */ = {isa = PBXFileReference; explicitFileType = wrapper.application; includeInIndex = 0; path = RxWeather.app; sourceTree = BUILT_PRODUCTS_DIR; };
		7DC154C9252CD4A600F6CF08 /* AppDelegate.swift */ = {isa = PBXFileReference; lastKnownFileType = sourcecode.swift; path = AppDelegate.swift; sourceTree = "<group>"; };
		7DC154D3252CD4A600F6CF08 /* RxWeather.xcdatamodel */ = {isa = PBXFileReference; lastKnownFileType = wrapper.xcdatamodel; path = RxWeather.xcdatamodel; sourceTree = "<group>"; };
		7DC154D5252CD4A800F6CF08 /* Assets.xcassets */ = {isa = PBXFileReference; lastKnownFileType = folder.assetcatalog; path = Assets.xcassets; sourceTree = "<group>"; };
		7DC154D8252CD4A800F6CF08 /* Base */ = {isa = PBXFileReference; lastKnownFileType = file.storyboard; name = Base; path = Base.lproj/LaunchScreen.storyboard; sourceTree = "<group>"; };
		7DC154DA252CD4A800F6CF08 /* Info.plist */ = {isa = PBXFileReference; lastKnownFileType = text.plist.xml; path = Info.plist; sourceTree = "<group>"; };
		7DC154E0252CD62500F6CF08 /* WeatherLocationController.swift */ = {isa = PBXFileReference; lastKnownFileType = sourcecode.swift; path = WeatherLocationController.swift; sourceTree = "<group>"; };
		7DCDADFC2556AF57005A3CC9 /* CoreDataService.swift */ = {isa = PBXFileReference; lastKnownFileType = sourcecode.swift; path = CoreDataService.swift; sourceTree = "<group>"; };
		7DFC339F252E1D34009519E4 /* Double.swift */ = {isa = PBXFileReference; lastKnownFileType = sourcecode.swift; path = Double.swift; sourceTree = "<group>"; };
		A920213AA96C3ED19E6EF2F0 /* Pods-RxWeather.release.xcconfig */ = {isa = PBXFileReference; includeInIndex = 1; lastKnownFileType = text.xcconfig; name = "Pods-RxWeather.release.xcconfig"; path = "Target Support Files/Pods-RxWeather/Pods-RxWeather.release.xcconfig"; sourceTree = "<group>"; };
		C066A3F976D7BCB9472E5982 /* Pods_RxWeather.framework */ = {isa = PBXFileReference; explicitFileType = wrapper.framework; includeInIndex = 0; path = Pods_RxWeather.framework; sourceTree = BUILT_PRODUCTS_DIR; };
		C4A90C3BEB56804F1F9E2EAD /* Pods-RxWeather.debug.xcconfig */ = {isa = PBXFileReference; includeInIndex = 1; lastKnownFileType = text.xcconfig; name = "Pods-RxWeather.debug.xcconfig"; path = "Target Support Files/Pods-RxWeather/Pods-RxWeather.debug.xcconfig"; sourceTree = "<group>"; };
/* End PBXFileReference section */

/* Begin PBXFrameworksBuildPhase section */
		7DC154C3252CD4A600F6CF08 /* Frameworks */ = {
			isa = PBXFrameworksBuildPhase;
			buildActionMask = 2147483647;
			files = (
				33F23C177D04C6AF361B23FE /* Pods_RxWeather.framework in Frameworks */,
			);
			runOnlyForDeploymentPostprocessing = 0;
		};
/* End PBXFrameworksBuildPhase section */

/* Begin PBXGroup section */
		0202CDEE252D8622005F6A48 /* Models */ = {
			isa = PBXGroup;
			children = (
				7D92238D255AB42400BB42CD /* Local */,
				0202CDF7252D8DD7005F6A48 /* OneCallResponse.swift */,
				0202CDFC252DA2B8005F6A48 /* WeatherHourlyData.swift */,
				0202CE03252DB696005F6A48 /* WeatherDailyData.swift */,
				0202CE05252DB6DC005F6A48 /* DayTemp.swift */,
				0202CDF3252D89B0005F6A48 /* Weather.swift */,
				7D11822E253882E8006E4B59 /* WeatherCity.swift */,
			);
			path = Models;
			sourceTree = "<group>";
		};
		0202CDF9252D925F005F6A48 /* Extensions */ = {
			isa = PBXGroup;
			children = (
				0202CDFA252D926E005F6A48 /* UIView.swift */,
				0202CE00252DAD33005F6A48 /* Date.swift */,
				7DFC339F252E1D34009519E4 /* Double.swift */,
				7D0880072539B31800A58299 /* UIViewController.swift */,
			);
			path = Extensions;
			sourceTree = "<group>";
		};
		0202CE07252DB7BE005F6A48 /* UI */ = {
			isa = PBXGroup;
			children = (
				0202CE09252DB7D4005F6A48 /* Cells */,
			);
			path = UI;
			sourceTree = "<group>";
		};
		0202CE08252DB7CF005F6A48 /* Controllers */ = {
			isa = PBXGroup;
			children = (
				7D3B6E40255BDF4000A5C79B /* CityList */,
				7D3895D42539A87500D941D4 /* FindCity */,
				7D3895CD253991C400D941D4 /* AbstractWeather */,
				7D06D011253872CF009EF381 /* WeatherCity */,
				7D55A29B25385E7B00AE36B2 /* WeatherLocation */,
			);
			path = Controllers;
			sourceTree = "<group>";
		};
		0202CE09252DB7D4005F6A48 /* Cells */ = {
			isa = PBXGroup;
			children = (
				025C55AA252DD016002595CB /* AbstractTableViewCell.swift */,
				0202CDFE252DA4A8005F6A48 /* WeatherDailyCell.swift */,
				0202CE0C252DB826005F6A48 /* WeatherCurrentCell.swift */,
				0202CE0A252DB806005F6A48 /* WeatherHourlyCell.swift */,
				025C55A6252DCF3F002595CB /* WeatherHourlyCollectionCell.swift */,
				7D0880092539C05F00A58299 /* CityCell.swift */,
				7D0636102562A126009901FB /* AddNewCityCell.swift */,
			);
			path = Cells;
			sourceTree = "<group>";
		};
		7D06D011253872CF009EF381 /* WeatherCity */ = {
			isa = PBXGroup;
			children = (
				7D06D012253872F1009EF381 /* WeatherCityController.swift */,
				7D06D01425387304009EF381 /* WeatherCityViewModel.swift */,
			);
			path = WeatherCity;
			sourceTree = "<group>";
		};
		7D33C672252CD6A5004E06A3 /* Services */ = {
			isa = PBXGroup;
			children = (
				7DCDADFA2556AEE9005A3CC9 /* Local */,
				7D33C673252CD6AD004E06A3 /* Network */,
			);
			path = Services;
			sourceTree = "<group>";
		};
		7D33C673252CD6AD004E06A3 /* Network */ = {
			isa = PBXGroup;
			children = (
				7D33C674252CD6B9004E06A3 /* Endpoints */,
				7D33C677252CD6EF004E06A3 /* ApiService.swift */,
				7D33C679252CD6FF004E06A3 /* ApiError.swift */,
			);
			path = Network;
			sourceTree = "<group>";
		};
		7D33C674252CD6B9004E06A3 /* Endpoints */ = {
			isa = PBXGroup;
			children = (
				7D33C675252CD6CC004E06A3 /* EndpointProtocol.swift */,
				0202CDEC252D8477005F6A48 /* OpenWeather.swift */,
			);
			path = Endpoints;
			sourceTree = "<group>";
		};
		7D33C67B252CD717004E06A3 /* General */ = {
			isa = PBXGroup;
			children = (
				7DC154C9252CD4A600F6CF08 /* AppDelegate.swift */,
				7DC154D5252CD4A800F6CF08 /* Assets.xcassets */,
				7DC154D7252CD4A800F6CF08 /* LaunchScreen.storyboard */,
				7DC154DA252CD4A800F6CF08 /* Info.plist */,
				7DC154D2252CD4A600F6CF08 /* RxWeather.xcdatamodeld */,
			);
			name = General;
			sourceTree = "<group>";
		};
		7D3895CD253991C400D941D4 /* AbstractWeather */ = {
			isa = PBXGroup;
			children = (
				7D3895CE253991E100D941D4 /* AbstractWeatherController.swift */,
				7D3895D2253991F800D941D4 /* AbstractWeatherViewModel.swift */,
				7D3895D0253991ED00D941D4 /* AbstractWeatherView.swift */,
			);
			path = AbstractWeather;
			sourceTree = "<group>";
		};
		7D3895D42539A87500D941D4 /* FindCity */ = {
			isa = PBXGroup;
			children = (
				7D3895D52539A8B400D941D4 /* FindCityController.swift */,
				7D3895D72539A8C100D941D4 /* FindCityViewModel.swift */,
				7D3895D92539A8CA00D941D4 /* FindCityView.swift */,
			);
			path = FindCity;
			sourceTree = "<group>";
		};
		7D3B6E40255BDF4000A5C79B /* CityList */ = {
			isa = PBXGroup;
			children = (
				7D3B6E41255BDF5900A5C79B /* CityListController.swift */,
				7D3B6E45255BDF6C00A5C79B /* CityListViewModel.swift */,
				7D3B6E48255BDF7500A5C79B /* CityListView.swift */,
			);
			path = CityList;
			sourceTree = "<group>";
		};
		7D55A29B25385E7B00AE36B2 /* WeatherLocation */ = {
			isa = PBXGroup;
			children = (
				7DC154E0252CD62500F6CF08 /* WeatherLocationController.swift */,
				7D8588DF2531B292009D35A9 /* WeatherLocationViewModel.swift */,
				7D8588E12531B984009D35A9 /* WeatherLocationView.swift */,
			);
			path = WeatherLocation;
			sourceTree = "<group>";
		};
		7D92238D255AB42400BB42CD /* Local */ = {
			isa = PBXGroup;
			children = (
				7D92238E255AB43200BB42CD /* City.swift */,
			);
			path = Local;
			sourceTree = "<group>";
		};
		7DC154BD252CD4A600F6CF08 = {
			isa = PBXGroup;
			children = (
				7DC154C8252CD4A600F6CF08 /* RxWeather */,
				7DC154C7252CD4A600F6CF08 /* Products */,
				A05A9F99724DD786003F98B9 /* Pods */,
				F343616FC4383A3043FC557D /* Frameworks */,
			);
			sourceTree = "<group>";
		};
		7DC154C7252CD4A600F6CF08 /* Products */ = {
			isa = PBXGroup;
			children = (
				7DC154C6252CD4A600F6CF08 /* RxWeather.app */,
			);
			name = Products;
			sourceTree = "<group>";
		};
		7DC154C8252CD4A600F6CF08 /* RxWeather */ = {
			isa = PBXGroup;
			children = (
				7D33C672252CD6A5004E06A3 /* Services */,
				0202CDEE252D8622005F6A48 /* Models */,
				0202CDF9252D925F005F6A48 /* Extensions */,
				0202CE08252DB7CF005F6A48 /* Controllers */,
				0202CE07252DB7BE005F6A48 /* UI */,
				7D33C67B252CD717004E06A3 /* General */,
			);
			path = RxWeather;
			sourceTree = "<group>";
		};
		7DCDADFA2556AEE9005A3CC9 /* Local */ = {
			isa = PBXGroup;
			children = (
				7DCDADFC2556AF57005A3CC9 /* CoreDataService.swift */,
				7D11E2ED255C0FA3004736CD /* FetchedResultsService.swift */,
			);
			path = Local;
			sourceTree = "<group>";
		};
		A05A9F99724DD786003F98B9 /* Pods */ = {
			isa = PBXGroup;
			children = (
				C4A90C3BEB56804F1F9E2EAD /* Pods-RxWeather.debug.xcconfig */,
				A920213AA96C3ED19E6EF2F0 /* Pods-RxWeather.release.xcconfig */,
			);
			path = Pods;
			sourceTree = "<group>";
		};
		F343616FC4383A3043FC557D /* Frameworks */ = {
			isa = PBXGroup;
			children = (
				C066A3F976D7BCB9472E5982 /* Pods_RxWeather.framework */,
			);
			name = Frameworks;
			sourceTree = "<group>";
		};
/* End PBXGroup section */

/* Begin PBXNativeTarget section */
		7DC154C5252CD4A600F6CF08 /* RxWeather */ = {
			isa = PBXNativeTarget;
			buildConfigurationList = 7DC154DD252CD4A800F6CF08 /* Build configuration list for PBXNativeTarget "RxWeather" */;
			buildPhases = (
				B63B301D0DB5CD15BAD0327A /* [CP] Check Pods Manifest.lock */,
				7DC154C2252CD4A600F6CF08 /* Sources */,
				7DC154C3252CD4A600F6CF08 /* Frameworks */,
				7DC154C4252CD4A600F6CF08 /* Resources */,
				8006AFB84979A9F419A31B01 /* [CP] Embed Pods Frameworks */,
			);
			buildRules = (
			);
			dependencies = (
			);
			name = RxWeather;
			productName = RxWeather;
			productReference = 7DC154C6252CD4A600F6CF08 /* RxWeather.app */;
			productType = "com.apple.product-type.application";
		};
/* End PBXNativeTarget section */

/* Begin PBXProject section */
		7DC154BE252CD4A600F6CF08 /* Project object */ = {
			isa = PBXProject;
			attributes = {
				LastSwiftUpdateCheck = 1170;
				LastUpgradeCheck = 1170;
				ORGANIZATIONNAME = "Igor Pinaev";
				TargetAttributes = {
					7DC154C5252CD4A600F6CF08 = {
						CreatedOnToolsVersion = 11.7;
					};
				};
			};
			buildConfigurationList = 7DC154C1252CD4A600F6CF08 /* Build configuration list for PBXProject "RxWeather" */;
			compatibilityVersion = "Xcode 9.3";
			developmentRegion = en;
			hasScannedForEncodings = 0;
			knownRegions = (
				en,
				Base,
			);
			mainGroup = 7DC154BD252CD4A600F6CF08;
			productRefGroup = 7DC154C7252CD4A600F6CF08 /* Products */;
			projectDirPath = "";
			projectRoot = "";
			targets = (
				7DC154C5252CD4A600F6CF08 /* RxWeather */,
			);
		};
/* End PBXProject section */

/* Begin PBXResourcesBuildPhase section */
		7DC154C4252CD4A600F6CF08 /* Resources */ = {
			isa = PBXResourcesBuildPhase;
			buildActionMask = 2147483647;
			files = (
				7DC154D9252CD4A800F6CF08 /* LaunchScreen.storyboard in Resources */,
				7DC154D6252CD4A800F6CF08 /* Assets.xcassets in Resources */,
			);
			runOnlyForDeploymentPostprocessing = 0;
		};
/* End PBXResourcesBuildPhase section */

/* Begin PBXShellScriptBuildPhase section */
		8006AFB84979A9F419A31B01 /* [CP] Embed Pods Frameworks */ = {
			isa = PBXShellScriptBuildPhase;
			buildActionMask = 2147483647;
			files = (
			);
			inputFileListPaths = (
				"${PODS_ROOT}/Target Support Files/Pods-RxWeather/Pods-RxWeather-frameworks-${CONFIGURATION}-input-files.xcfilelist",
			);
			name = "[CP] Embed Pods Frameworks";
			outputFileListPaths = (
				"${PODS_ROOT}/Target Support Files/Pods-RxWeather/Pods-RxWeather-frameworks-${CONFIGURATION}-output-files.xcfilelist",
			);
			runOnlyForDeploymentPostprocessing = 0;
			shellPath = /bin/sh;
			shellScript = "\"${PODS_ROOT}/Target Support Files/Pods-RxWeather/Pods-RxWeather-frameworks.sh\"\n";
			showEnvVarsInLog = 0;
		};
		B63B301D0DB5CD15BAD0327A /* [CP] Check Pods Manifest.lock */ = {
			isa = PBXShellScriptBuildPhase;
			buildActionMask = 2147483647;
			files = (
			);
			inputFileListPaths = (
			);
			inputPaths = (
				"${PODS_PODFILE_DIR_PATH}/Podfile.lock",
				"${PODS_ROOT}/Manifest.lock",
			);
			name = "[CP] Check Pods Manifest.lock";
			outputFileListPaths = (
			);
			outputPaths = (
				"$(DERIVED_FILE_DIR)/Pods-RxWeather-checkManifestLockResult.txt",
			);
			runOnlyForDeploymentPostprocessing = 0;
			shellPath = /bin/sh;
			shellScript = "diff \"${PODS_PODFILE_DIR_PATH}/Podfile.lock\" \"${PODS_ROOT}/Manifest.lock\" > /dev/null\nif [ $? != 0 ] ; then\n    # print error to STDERR\n    echo \"error: The sandbox is not in sync with the Podfile.lock. Run 'pod install' or update your CocoaPods installation.\" >&2\n    exit 1\nfi\n# This output is used by Xcode 'outputs' to avoid re-running this script phase.\necho \"SUCCESS\" > \"${SCRIPT_OUTPUT_FILE_0}\"\n";
			showEnvVarsInLog = 0;
		};
/* End PBXShellScriptBuildPhase section */

/* Begin PBXSourcesBuildPhase section */
		7DC154C2252CD4A600F6CF08 /* Sources */ = {
			isa = PBXSourcesBuildPhase;
			buildActionMask = 2147483647;
			files = (
				7DCDADFD2556AF57005A3CC9 /* CoreDataService.swift in Sources */,
				7D3895D82539A8C100D941D4 /* FindCityViewModel.swift in Sources */,
				7D3895CF253991E100D941D4 /* AbstractWeatherController.swift in Sources */,
				025C55A7252DCF3F002595CB /* WeatherHourlyCollectionCell.swift in Sources */,
				7D3895D3253991F800D941D4 /* AbstractWeatherViewModel.swift in Sources */,
				0202CDFB252D926E005F6A48 /* UIView.swift in Sources */,
				7D3895DA2539A8CA00D941D4 /* FindCityView.swift in Sources */,
				7D3895D1253991ED00D941D4 /* AbstractWeatherView.swift in Sources */,
				7D06D01525387304009EF381 /* WeatherCityViewModel.swift in Sources */,
				0202CE01252DAD33005F6A48 /* Date.swift in Sources */,
				7D92238F255AB43200BB42CD /* City.swift in Sources */,
				0202CE06252DB6DC005F6A48 /* DayTemp.swift in Sources */,
				0202CE0D252DB826005F6A48 /* WeatherCurrentCell.swift in Sources */,
				7D06D013253872F1009EF381 /* WeatherCityController.swift in Sources */,
				0202CDED252D8477005F6A48 /* OpenWeather.swift in Sources */,
				7D0880082539B31800A58299 /* UIViewController.swift in Sources */,
				7D33C676252CD6CC004E06A3 /* EndpointProtocol.swift in Sources */,
				7D08800A2539C05F00A58299 /* CityCell.swift in Sources */,
				7DC154D4252CD4A600F6CF08 /* RxWeather.xcdatamodeld in Sources */,
				7D0636112562A126009901FB /* AddNewCityCell.swift in Sources */,
				7D11822F253882E8006E4B59 /* WeatherCity.swift in Sources */,
				0202CDF4252D89B0005F6A48 /* Weather.swift in Sources */,
				0202CE0B252DB806005F6A48 /* WeatherHourlyCell.swift in Sources */,
				025C55AB252DD016002595CB /* AbstractTableViewCell.swift in Sources */,
				7D33C678252CD6EF004E06A3 /* ApiService.swift in Sources */,
				7D3B6E46255BDF6C00A5C79B /* CityListViewModel.swift in Sources */,
				7DC154CA252CD4A600F6CF08 /* AppDelegate.swift in Sources */,
				7D8588E22531B985009D35A9 /* WeatherLocationView.swift in Sources */,
				0202CDF8252D8DD7005F6A48 /* OneCallResponse.swift in Sources */,
				0202CDFF252DA4A8005F6A48 /* WeatherDailyCell.swift in Sources */,
				7D3B6E42255BDF5900A5C79B /* CityListController.swift in Sources */,
				7DC154E1252CD62500F6CF08 /* WeatherLocationController.swift in Sources */,
				7D33C67A252CD6FF004E06A3 /* ApiError.swift in Sources */,
				0202CE04252DB696005F6A48 /* WeatherDailyData.swift in Sources */,
				7D8588E02531B292009D35A9 /* WeatherLocationViewModel.swift in Sources */,
				7DFC33A0252E1D34009519E4 /* Double.swift in Sources */,
				7D3B6E49255BDF7500A5C79B /* CityListView.swift in Sources */,
				7D11E2EE255C0FA3004736CD /* FetchedResultsService.swift in Sources */,
				0202CDFD252DA2B8005F6A48 /* WeatherHourlyData.swift in Sources */,
				7D3895D62539A8B400D941D4 /* FindCityController.swift in Sources */,
			);
			runOnlyForDeploymentPostprocessing = 0;
		};
/* End PBXSourcesBuildPhase section */

/* Begin PBXVariantGroup section */
		7DC154D7252CD4A800F6CF08 /* LaunchScreen.storyboard */ = {
			isa = PBXVariantGroup;
			children = (
				7DC154D8252CD4A800F6CF08 /* Base */,
			);
			name = LaunchScreen.storyboard;
			sourceTree = "<group>";
		};
/* End PBXVariantGroup section */

/* Begin XCBuildConfiguration section */
		7DC154DB252CD4A800F6CF08 /* Debug */ = {
			isa = XCBuildConfiguration;
			buildSettings = {
				ALWAYS_SEARCH_USER_PATHS = NO;
				CLANG_ANALYZER_NONNULL = YES;
				CLANG_ANALYZER_NUMBER_OBJECT_CONVERSION = YES_AGGRESSIVE;
				CLANG_CXX_LANGUAGE_STANDARD = "gnu++14";
				CLANG_CXX_LIBRARY = "libc++";
				CLANG_ENABLE_MODULES = YES;
				CLANG_ENABLE_OBJC_ARC = YES;
				CLANG_ENABLE_OBJC_WEAK = YES;
				CLANG_WARN_BLOCK_CAPTURE_AUTORELEASING = YES;
				CLANG_WARN_BOOL_CONVERSION = YES;
				CLANG_WARN_COMMA = YES;
				CLANG_WARN_CONSTANT_CONVERSION = YES;
				CLANG_WARN_DEPRECATED_OBJC_IMPLEMENTATIONS = YES;
				CLANG_WARN_DIRECT_OBJC_ISA_USAGE = YES_ERROR;
				CLANG_WARN_DOCUMENTATION_COMMENTS = YES;
				CLANG_WARN_EMPTY_BODY = YES;
				CLANG_WARN_ENUM_CONVERSION = YES;
				CLANG_WARN_INFINITE_RECURSION = YES;
				CLANG_WARN_INT_CONVERSION = YES;
				CLANG_WARN_NON_LITERAL_NULL_CONVERSION = YES;
				CLANG_WARN_OBJC_IMPLICIT_RETAIN_SELF = YES;
				CLANG_WARN_OBJC_LITERAL_CONVERSION = YES;
				CLANG_WARN_OBJC_ROOT_CLASS = YES_ERROR;
				CLANG_WARN_RANGE_LOOP_ANALYSIS = YES;
				CLANG_WARN_STRICT_PROTOTYPES = YES;
				CLANG_WARN_SUSPICIOUS_MOVE = YES;
				CLANG_WARN_UNGUARDED_AVAILABILITY = YES_AGGRESSIVE;
				CLANG_WARN_UNREACHABLE_CODE = YES;
				CLANG_WARN__DUPLICATE_METHOD_MATCH = YES;
				COPY_PHASE_STRIP = NO;
				DEBUG_INFORMATION_FORMAT = dwarf;
				ENABLE_STRICT_OBJC_MSGSEND = YES;
				ENABLE_TESTABILITY = YES;
				GCC_C_LANGUAGE_STANDARD = gnu11;
				GCC_DYNAMIC_NO_PIC = NO;
				GCC_NO_COMMON_BLOCKS = YES;
				GCC_OPTIMIZATION_LEVEL = 0;
				GCC_PREPROCESSOR_DEFINITIONS = (
					"DEBUG=1",
					"$(inherited)",
				);
				GCC_WARN_64_TO_32_BIT_CONVERSION = YES;
				GCC_WARN_ABOUT_RETURN_TYPE = YES_ERROR;
				GCC_WARN_UNDECLARED_SELECTOR = YES;
				GCC_WARN_UNINITIALIZED_AUTOS = YES_AGGRESSIVE;
				GCC_WARN_UNUSED_FUNCTION = YES;
				GCC_WARN_UNUSED_VARIABLE = YES;
				IPHONEOS_DEPLOYMENT_TARGET = 13.7;
				MTL_ENABLE_DEBUG_INFO = INCLUDE_SOURCE;
				MTL_FAST_MATH = YES;
				ONLY_ACTIVE_ARCH = YES;
				SDKROOT = iphoneos;
				SWIFT_ACTIVE_COMPILATION_CONDITIONS = DEBUG;
				SWIFT_OPTIMIZATION_LEVEL = "-Onone";
			};
			name = Debug;
		};
		7DC154DC252CD4A800F6CF08 /* Release */ = {
			isa = XCBuildConfiguration;
			buildSettings = {
				ALWAYS_SEARCH_USER_PATHS = NO;
				CLANG_ANALYZER_NONNULL = YES;
				CLANG_ANALYZER_NUMBER_OBJECT_CONVERSION = YES_AGGRESSIVE;
				CLANG_CXX_LANGUAGE_STANDARD = "gnu++14";
				CLANG_CXX_LIBRARY = "libc++";
				CLANG_ENABLE_MODULES = YES;
				CLANG_ENABLE_OBJC_ARC = YES;
				CLANG_ENABLE_OBJC_WEAK = YES;
				CLANG_WARN_BLOCK_CAPTURE_AUTORELEASING = YES;
				CLANG_WARN_BOOL_CONVERSION = YES;
				CLANG_WARN_COMMA = YES;
				CLANG_WARN_CONSTANT_CONVERSION = YES;
				CLANG_WARN_DEPRECATED_OBJC_IMPLEMENTATIONS = YES;
				CLANG_WARN_DIRECT_OBJC_ISA_USAGE = YES_ERROR;
				CLANG_WARN_DOCUMENTATION_COMMENTS = YES;
				CLANG_WARN_EMPTY_BODY = YES;
				CLANG_WARN_ENUM_CONVERSION = YES;
				CLANG_WARN_INFINITE_RECURSION = YES;
				CLANG_WARN_INT_CONVERSION = YES;
				CLANG_WARN_NON_LITERAL_NULL_CONVERSION = YES;
				CLANG_WARN_OBJC_IMPLICIT_RETAIN_SELF = YES;
				CLANG_WARN_OBJC_LITERAL_CONVERSION = YES;
				CLANG_WARN_OBJC_ROOT_CLASS = YES_ERROR;
				CLANG_WARN_RANGE_LOOP_ANALYSIS = YES;
				CLANG_WARN_STRICT_PROTOTYPES = YES;
				CLANG_WARN_SUSPICIOUS_MOVE = YES;
				CLANG_WARN_UNGUARDED_AVAILABILITY = YES_AGGRESSIVE;
				CLANG_WARN_UNREACHABLE_CODE = YES;
				CLANG_WARN__DUPLICATE_METHOD_MATCH = YES;
				COPY_PHASE_STRIP = NO;
				DEBUG_INFORMATION_FORMAT = "dwarf-with-dsym";
				ENABLE_NS_ASSERTIONS = NO;
				ENABLE_STRICT_OBJC_MSGSEND = YES;
				GCC_C_LANGUAGE_STANDARD = gnu11;
				GCC_NO_COMMON_BLOCKS = YES;
				GCC_WARN_64_TO_32_BIT_CONVERSION = YES;
				GCC_WARN_ABOUT_RETURN_TYPE = YES_ERROR;
				GCC_WARN_UNDECLARED_SELECTOR = YES;
				GCC_WARN_UNINITIALIZED_AUTOS = YES_AGGRESSIVE;
				GCC_WARN_UNUSED_FUNCTION = YES;
				GCC_WARN_UNUSED_VARIABLE = YES;
				IPHONEOS_DEPLOYMENT_TARGET = 13.7;
				MTL_ENABLE_DEBUG_INFO = NO;
				MTL_FAST_MATH = YES;
				SDKROOT = iphoneos;
				SWIFT_COMPILATION_MODE = wholemodule;
				SWIFT_OPTIMIZATION_LEVEL = "-O";
				VALIDATE_PRODUCT = YES;
			};
			name = Release;
		};
		7DC154DE252CD4A800F6CF08 /* Debug */ = {
			isa = XCBuildConfiguration;
			baseConfigurationReference = C4A90C3BEB56804F1F9E2EAD /* Pods-RxWeather.debug.xcconfig */;
			buildSettings = {
				ASSETCATALOG_COMPILER_APPICON_NAME = AppIcon;
				CODE_SIGN_STYLE = Automatic;
				DEVELOPMENT_TEAM = QH46V8ML59;
				INFOPLIST_FILE = RxWeather/Info.plist;
				IPHONEOS_DEPLOYMENT_TARGET = 13.0;
				LD_RUNPATH_SEARCH_PATHS = (
					"$(inherited)",
					"@executable_path/Frameworks",
				);
				PRODUCT_BUNDLE_IDENTIFIER = com.IPinaev.RxWeather;
				PRODUCT_NAME = "$(TARGET_NAME)";
				SWIFT_VERSION = 5.0;
				TARGETED_DEVICE_FAMILY = "1,2";
			};
			name = Debug;
		};
		7DC154DF252CD4A800F6CF08 /* Release */ = {
			isa = XCBuildConfiguration;
			baseConfigurationReference = A920213AA96C3ED19E6EF2F0 /* Pods-RxWeather.release.xcconfig */;
			buildSettings = {
				ASSETCATALOG_COMPILER_APPICON_NAME = AppIcon;
				CODE_SIGN_STYLE = Automatic;
				DEVELOPMENT_TEAM = QH46V8ML59;
				INFOPLIST_FILE = RxWeather/Info.plist;
				IPHONEOS_DEPLOYMENT_TARGET = 13.0;
				LD_RUNPATH_SEARCH_PATHS = (
					"$(inherited)",
					"@executable_path/Frameworks",
				);
				PRODUCT_BUNDLE_IDENTIFIER = com.IPinaev.RxWeather;
				PRODUCT_NAME = "$(TARGET_NAME)";
				SWIFT_VERSION = 5.0;
				TARGETED_DEVICE_FAMILY = "1,2";
			};
			name = Release;
		};
/* End XCBuildConfiguration section */

/* Begin XCConfigurationList section */
		7DC154C1252CD4A600F6CF08 /* Build configuration list for PBXProject "RxWeather" */ = {
			isa = XCConfigurationList;
			buildConfigurations = (
				7DC154DB252CD4A800F6CF08 /* Debug */,
				7DC154DC252CD4A800F6CF08 /* Release */,
			);
			defaultConfigurationIsVisible = 0;
			defaultConfigurationName = Release;
		};
		7DC154DD252CD4A800F6CF08 /* Build configuration list for PBXNativeTarget "RxWeather" */ = {
			isa = XCConfigurationList;
			buildConfigurations = (
				7DC154DE252CD4A800F6CF08 /* Debug */,
				7DC154DF252CD4A800F6CF08 /* Release */,
			);
			defaultConfigurationIsVisible = 0;
			defaultConfigurationName = Release;
		};
/* End XCConfigurationList section */

/* Begin XCVersionGroup section */
		7DC154D2252CD4A600F6CF08 /* RxWeather.xcdatamodeld */ = {
			isa = XCVersionGroup;
			children = (
				7DC154D3252CD4A600F6CF08 /* RxWeather.xcdatamodel */,
			);
			currentVersion = 7DC154D3252CD4A600F6CF08 /* RxWeather.xcdatamodel */;
			path = RxWeather.xcdatamodeld;
			sourceTree = "<group>";
			versionGroupType = wrapper.xcdatamodel;
		};
/* End XCVersionGroup section */
	};
	rootObject = 7DC154BE252CD4A600F6CF08 /* Project object */;
}
